{
  "name": "managed_on_src",
  "lockfileVersion": 3,
  "requires": true,
  "packages": {
    "": {
      "dependencies": {
        "@ckeditor/ckeditor5-build-classic": "^44.3.0"
      }
    },
    "node_modules/@ckeditor/ckeditor5-adapter-ckfinder": {
      "version": "44.3.0",
      "resolved": "https://registry.npmjs.org/@ckeditor/ckeditor5-adapter-ckfinder/-/ckeditor5-adapter-ckfinder-44.3.0.tgz",
      "integrity": "sha512-+LYQi4DJmK87Mx3FU7q8Ei3Jv/BrXScR7P1rJVw9bYSySLISw1lPPGEuzNaDm+aI/IMwxAw6Laf7kp+bBfZg1A==",
      "license": "SEE LICENSE IN LICENSE.md",
      "dependencies": {
        "@ckeditor/ckeditor5-core": "44.3.0",
        "@ckeditor/ckeditor5-upload": "44.3.0",
        "ckeditor5": "44.3.0"
      }
    },
    "node_modules/@ckeditor/ckeditor5-alignment": {
      "version": "44.3.0",
      "resolved": "https://registry.npmjs.org/@ckeditor/ckeditor5-alignment/-/ckeditor5-alignment-44.3.0.tgz",
      "integrity": "sha512-PJLPQPJTaEs/TxmXovb5gZWHFk04VdyFxwpy+LFiVKTewV4T5Mz2jinXwL6+DYmlHh0oDu66O2joSdYeL6F9xw==",
      "license": "SEE LICENSE IN LICENSE.md",
      "dependencies": {
        "@ckeditor/ckeditor5-core": "44.3.0",
        "@ckeditor/ckeditor5-ui": "44.3.0",
        "@ckeditor/ckeditor5-utils": "44.3.0",
        "ckeditor5": "44.3.0"
      }
    },
    "node_modules/@ckeditor/ckeditor5-autoformat": {
      "version": "44.3.0",
      "resolved": "https://registry.npmjs.org/@ckeditor/ckeditor5-autoformat/-/ckeditor5-autoformat-44.3.0.tgz",
      "integrity": "sha512-cKRN73eWaci0px4RL/pu+uFx+/joJyicXjDogqRCqsrHtFnNziAoDxg1aU9F7eReMp+RJc5dqn9R94fZqxdaKQ==",
      "license": "SEE LICENSE IN LICENSE.md",
      "dependencies": {
        "@ckeditor/ckeditor5-core": "44.3.0",
        "@ckeditor/ckeditor5-engine": "44.3.0",
        "@ckeditor/ckeditor5-heading": "44.3.0",
        "@ckeditor/ckeditor5-typing": "44.3.0",
        "@ckeditor/ckeditor5-utils": "44.3.0",
        "ckeditor5": "44.3.0"
      }
    },
    "node_modules/@ckeditor/ckeditor5-autosave": {
      "version": "44.3.0",
      "resolved": "https://registry.npmjs.org/@ckeditor/ckeditor5-autosave/-/ckeditor5-autosave-44.3.0.tgz",
      "integrity": "sha512-vZS8lMUNwtpUplx1WtiywEmgqy2rXSTrwbCqkENZZ6vIOpYZg9sW0XxWAdCMslBiNZRhAF2et3jT+Es01/aEyg==",
      "license": "SEE LICENSE IN LICENSE.md",
      "dependencies": {
        "@ckeditor/ckeditor5-core": "44.3.0",
        "@ckeditor/ckeditor5-utils": "44.3.0",
        "ckeditor5": "44.3.0",
        "lodash-es": "4.17.21"
      }
    },
    "node_modules/@ckeditor/ckeditor5-basic-styles": {
      "version": "44.3.0",
      "resolved": "https://registry.npmjs.org/@ckeditor/ckeditor5-basic-styles/-/ckeditor5-basic-styles-44.3.0.tgz",
      "integrity": "sha512-QxwJqzIMYD8Nq7I8utEm2N1wFYve3jR9W1RoxrP005V7F9hXubcG4VFkk1QspVjiPBBtWjYJh7Iq6LjeMnDXgg==",
      "license": "SEE LICENSE IN LICENSE.md",
      "dependencies": {
        "@ckeditor/ckeditor5-core": "44.3.0",
        "@ckeditor/ckeditor5-typing": "44.3.0",
        "@ckeditor/ckeditor5-ui": "44.3.0",
        "@ckeditor/ckeditor5-utils": "44.3.0",
        "ckeditor5": "44.3.0"
      }
    },
    "node_modules/@ckeditor/ckeditor5-block-quote": {
      "version": "44.3.0",
      "resolved": "https://registry.npmjs.org/@ckeditor/ckeditor5-block-quote/-/ckeditor5-block-quote-44.3.0.tgz",
      "integrity": "sha512-J+t36widj2/f1DCZqZjCssOu4hdKCpX/mDWOAJwp4BNIei0NATmtHoblH4Lb98P0mF5UeneoLqR4XZlwMYD7tw==",
      "license": "SEE LICENSE IN LICENSE.md",
      "dependencies": {
        "@ckeditor/ckeditor5-core": "44.3.0",
        "@ckeditor/ckeditor5-enter": "44.3.0",
        "@ckeditor/ckeditor5-typing": "44.3.0",
        "@ckeditor/ckeditor5-ui": "44.3.0",
        "@ckeditor/ckeditor5-utils": "44.3.0",
        "ckeditor5": "44.3.0"
      }
    },
    "node_modules/@ckeditor/ckeditor5-bookmark": {
      "version": "44.3.0",
      "resolved": "https://registry.npmjs.org/@ckeditor/ckeditor5-bookmark/-/ckeditor5-bookmark-44.3.0.tgz",
      "integrity": "sha512-e3p6hUYC4LavTSVTDaz9VfpMaXpi35HNXqqCpIGJGtMKq7mYPaGf1ZZqIPEWuZz3UH/h/E445Mrm4KOgRo9hfg==",
      "license": "SEE LICENSE IN LICENSE.md",
      "dependencies": {
        "@ckeditor/ckeditor5-core": "44.3.0",
        "@ckeditor/ckeditor5-engine": "44.3.0",
        "@ckeditor/ckeditor5-ui": "44.3.0",
        "@ckeditor/ckeditor5-utils": "44.3.0",
        "@ckeditor/ckeditor5-widget": "44.3.0",
        "ckeditor5": "44.3.0"
      }
    },
    "node_modules/@ckeditor/ckeditor5-build-classic": {
      "version": "44.3.0",
      "resolved": "https://registry.npmjs.org/@ckeditor/ckeditor5-build-classic/-/ckeditor5-build-classic-44.3.0.tgz",
      "integrity": "sha512-tvOwT1dAZlY4v1vZItqR0VFfTzr+OLoEmnOW/Lchl2Y0BUWT99GCfABCvAdakBBYvKdsMLsH0jqZFvnLxJCUmg==",
      "deprecated": "The predefined builds are no longer maintained. Check the https://ckeditor.com/docs/ckeditor5/latest/updating/nim-migration/predefined-builds.html page for the details.",
      "license": "SEE LICENSE IN LICENSE.md",
      "dependencies": {
        "@ckeditor/ckeditor5-adapter-ckfinder": "44.3.0",
        "@ckeditor/ckeditor5-autoformat": "44.3.0",
        "@ckeditor/ckeditor5-basic-styles": "44.3.0",
        "@ckeditor/ckeditor5-block-quote": "44.3.0",
        "@ckeditor/ckeditor5-ckbox": "44.3.0",
        "@ckeditor/ckeditor5-ckfinder": "44.3.0",
        "@ckeditor/ckeditor5-cloud-services": "44.3.0",
        "@ckeditor/ckeditor5-easy-image": "44.3.0",
        "@ckeditor/ckeditor5-editor-classic": "44.3.0",
        "@ckeditor/ckeditor5-essentials": "44.3.0",
        "@ckeditor/ckeditor5-heading": "44.3.0",
        "@ckeditor/ckeditor5-image": "44.3.0",
        "@ckeditor/ckeditor5-indent": "44.3.0",
        "@ckeditor/ckeditor5-link": "44.3.0",
        "@ckeditor/ckeditor5-list": "44.3.0",
        "@ckeditor/ckeditor5-media-embed": "44.3.0",
        "@ckeditor/ckeditor5-paragraph": "44.3.0",
        "@ckeditor/ckeditor5-paste-from-office": "44.3.0",
        "@ckeditor/ckeditor5-table": "44.3.0",
        "@ckeditor/ckeditor5-typing": "44.3.0"
      }
    },
    "node_modules/@ckeditor/ckeditor5-ckbox": {
      "version": "44.3.0",
      "resolved": "https://registry.npmjs.org/@ckeditor/ckeditor5-ckbox/-/ckeditor5-ckbox-44.3.0.tgz",
      "integrity": "sha512-R0cHl7aafBU1dvfpFu/dMq+7SMTKa7dAi1wQyu5RqmdN0glCAGXoyffe5h2gujcHGlUqzjGE9oX3207rrPi12A==",
      "license": "SEE LICENSE IN LICENSE.md",
      "dependencies": {
        "@ckeditor/ckeditor5-cloud-services": "44.3.0",
        "@ckeditor/ckeditor5-core": "44.3.0",
        "@ckeditor/ckeditor5-engine": "44.3.0",
        "@ckeditor/ckeditor5-image": "44.3.0",
        "@ckeditor/ckeditor5-ui": "44.3.0",
        "@ckeditor/ckeditor5-upload": "44.3.0",
        "@ckeditor/ckeditor5-utils": "44.3.0",
        "blurhash": "2.0.5",
        "ckeditor5": "44.3.0",
        "lodash-es": "4.17.21"
      }
    },
    "node_modules/@ckeditor/ckeditor5-ckfinder": {
      "version": "44.3.0",
      "resolved": "https://registry.npmjs.org/@ckeditor/ckeditor5-ckfinder/-/ckeditor5-ckfinder-44.3.0.tgz",
      "integrity": "sha512-h/kQy9nUG2VmxAL28b56xZnVQDrr/N12cu2QE+ODfHIiumMNPPTx2Q+g7s8/eVhKAmNQuZJPXygokjXrirC8TA==",
      "license": "SEE LICENSE IN LICENSE.md",
      "dependencies": {
        "@ckeditor/ckeditor5-core": "44.3.0",
        "@ckeditor/ckeditor5-image": "44.3.0",
        "@ckeditor/ckeditor5-ui": "44.3.0",
        "@ckeditor/ckeditor5-utils": "44.3.0",
        "ckeditor5": "44.3.0"
      }
    },
    "node_modules/@ckeditor/ckeditor5-clipboard": {
      "version": "44.3.0",
      "resolved": "https://registry.npmjs.org/@ckeditor/ckeditor5-clipboard/-/ckeditor5-clipboard-44.3.0.tgz",
      "integrity": "sha512-oCQfsHX0Z7RySzszvkpnsFi/p3pqEjpQs4FVpPXXWasK+3F00kWReYNNQFe+0z0eIw7alo/ZzqYTQG/FQHaQUw==",
      "license": "SEE LICENSE IN LICENSE.md",
      "dependencies": {
        "@ckeditor/ckeditor5-core": "44.3.0",
        "@ckeditor/ckeditor5-engine": "44.3.0",
        "@ckeditor/ckeditor5-ui": "44.3.0",
        "@ckeditor/ckeditor5-utils": "44.3.0",
        "@ckeditor/ckeditor5-widget": "44.3.0",
        "lodash-es": "4.17.21"
      }
    },
    "node_modules/@ckeditor/ckeditor5-cloud-services": {
      "version": "44.3.0",
      "resolved": "https://registry.npmjs.org/@ckeditor/ckeditor5-cloud-services/-/ckeditor5-cloud-services-44.3.0.tgz",
      "integrity": "sha512-c/jLU3lhoqPmwfwEXcU9fGw0ab6dQUcUjQUjamBH1x92p6NnEJTtXJD97trwgKJryZWZ6bk7vJG5nOC4i0XDZA==",
      "license": "SEE LICENSE IN LICENSE.md",
      "dependencies": {
        "@ckeditor/ckeditor5-core": "44.3.0",
        "@ckeditor/ckeditor5-utils": "44.3.0",
        "ckeditor5": "44.3.0"
      }
    },
    "node_modules/@ckeditor/ckeditor5-code-block": {
      "version": "44.3.0",
      "resolved": "https://registry.npmjs.org/@ckeditor/ckeditor5-code-block/-/ckeditor5-code-block-44.3.0.tgz",
      "integrity": "sha512-LNFRr7OIdvyZTfkmyNW/m48EXTsYdrQyDS/9hp4fpHrv9cC3rHhnP4/rS3vkmPh9FOv5I2JvXS36nn75BjWRRQ==",
      "license": "SEE LICENSE IN LICENSE.md",
      "dependencies": {
        "@ckeditor/ckeditor5-clipboard": "44.3.0",
        "@ckeditor/ckeditor5-core": "44.3.0",
        "@ckeditor/ckeditor5-engine": "44.3.0",
        "@ckeditor/ckeditor5-enter": "44.3.0",
        "@ckeditor/ckeditor5-ui": "44.3.0",
        "@ckeditor/ckeditor5-utils": "44.3.0",
        "ckeditor5": "44.3.0"
      }
    },
    "node_modules/@ckeditor/ckeditor5-core": {
      "version": "44.3.0",
      "resolved": "https://registry.npmjs.org/@ckeditor/ckeditor5-core/-/ckeditor5-core-44.3.0.tgz",
      "integrity": "sha512-QYyk00JI2wgE2Lr8/A3roRsms3rSOfwMAF88I6Ff2Qf+c8hT6O11gSX18jdd/bGLhfZ0c4IjWc8v67ohgUdMFg==",
      "license": "SEE LICENSE IN LICENSE.md",
      "dependencies": {
        "@ckeditor/ckeditor5-engine": "44.3.0",
        "@ckeditor/ckeditor5-ui": "44.3.0",
        "@ckeditor/ckeditor5-utils": "44.3.0",
        "@ckeditor/ckeditor5-watchdog": "44.3.0",
        "lodash-es": "4.17.21"
      }
    },
    "node_modules/@ckeditor/ckeditor5-easy-image": {
      "version": "44.3.0",
      "resolved": "https://registry.npmjs.org/@ckeditor/ckeditor5-easy-image/-/ckeditor5-easy-image-44.3.0.tgz",
      "integrity": "sha512-s1Qpf45/31J4rW4RC0ArKLb5QqD0VKTn9LCB83qhyCLfGluk18MOZ2Fc7gfYoxZClzhCwdMQE6mhWOC9bQUmPw==",
      "license": "SEE LICENSE IN LICENSE.md",
      "dependencies": {
        "@ckeditor/ckeditor5-cloud-services": "44.3.0",
        "@ckeditor/ckeditor5-core": "44.3.0",
        "@ckeditor/ckeditor5-upload": "44.3.0",
        "@ckeditor/ckeditor5-utils": "44.3.0",
        "ckeditor5": "44.3.0"
      }
    },
    "node_modules/@ckeditor/ckeditor5-editor-balloon": {
      "version": "44.3.0",
      "resolved": "https://registry.npmjs.org/@ckeditor/ckeditor5-editor-balloon/-/ckeditor5-editor-balloon-44.3.0.tgz",
      "integrity": "sha512-Lw6GIIUW37Pi/ErFqx+ozsqRmbBbvhrJhDJ1zIhILEYcwzADHGP32O2pKGLHDf5Z4QTfwunAyG73jvww/ks3kg==",
      "license": "SEE LICENSE IN LICENSE.md",
      "dependencies": {
        "@ckeditor/ckeditor5-core": "44.3.0",
        "@ckeditor/ckeditor5-engine": "44.3.0",
        "@ckeditor/ckeditor5-ui": "44.3.0",
        "@ckeditor/ckeditor5-utils": "44.3.0",
        "ckeditor5": "44.3.0",
        "lodash-es": "4.17.21"
      }
    },
    "node_modules/@ckeditor/ckeditor5-editor-classic": {
      "version": "44.3.0",
      "resolved": "https://registry.npmjs.org/@ckeditor/ckeditor5-editor-classic/-/ckeditor5-editor-classic-44.3.0.tgz",
      "integrity": "sha512-Vi1tNQdKUCw6X66X2RPhtJPjXJHw/UqHw1Y0J4Vpmi5rf5UHerEj5Sjn+KrjUwDNbmeHtVO/egibLhwRMjKn8A==",
      "license": "SEE LICENSE IN LICENSE.md",
      "dependencies": {
        "@ckeditor/ckeditor5-core": "44.3.0",
        "@ckeditor/ckeditor5-engine": "44.3.0",
        "@ckeditor/ckeditor5-ui": "44.3.0",
        "@ckeditor/ckeditor5-utils": "44.3.0",
        "ckeditor5": "44.3.0",
        "lodash-es": "4.17.21"
      }
    },
    "node_modules/@ckeditor/ckeditor5-editor-decoupled": {
      "version": "44.3.0",
      "resolved": "https://registry.npmjs.org/@ckeditor/ckeditor5-editor-decoupled/-/ckeditor5-editor-decoupled-44.3.0.tgz",
      "integrity": "sha512-sG4KO0pPhfwQpiegtncDyL9G7nlCsjcWqDieZvRfwy2Uig7EaChny3BoIQhacjO4xKV8ZhXw+dTBJgZRtfePdQ==",
      "license": "SEE LICENSE IN LICENSE.md",
      "dependencies": {
        "@ckeditor/ckeditor5-core": "44.3.0",
        "@ckeditor/ckeditor5-engine": "44.3.0",
        "@ckeditor/ckeditor5-ui": "44.3.0",
        "@ckeditor/ckeditor5-utils": "44.3.0",
        "ckeditor5": "44.3.0",
        "lodash-es": "4.17.21"
      }
    },
    "node_modules/@ckeditor/ckeditor5-editor-inline": {
      "version": "44.3.0",
      "resolved": "https://registry.npmjs.org/@ckeditor/ckeditor5-editor-inline/-/ckeditor5-editor-inline-44.3.0.tgz",
      "integrity": "sha512-asa9uWhdTGA6BDda7leJEj57UT3lkDmFAHPFL7fWsvQpL2mszbdf7P6L/rOedGcj2/7a9F8CZfb5aVmENrM3Zw==",
      "license": "SEE LICENSE IN LICENSE.md",
      "dependencies": {
        "@ckeditor/ckeditor5-core": "44.3.0",
        "@ckeditor/ckeditor5-engine": "44.3.0",
        "@ckeditor/ckeditor5-ui": "44.3.0",
        "@ckeditor/ckeditor5-utils": "44.3.0",
        "ckeditor5": "44.3.0",
        "lodash-es": "4.17.21"
      }
    },
    "node_modules/@ckeditor/ckeditor5-editor-multi-root": {
      "version": "44.3.0",
      "resolved": "https://registry.npmjs.org/@ckeditor/ckeditor5-editor-multi-root/-/ckeditor5-editor-multi-root-44.3.0.tgz",
      "integrity": "sha512-2k13l0m9+UGMDOzz2uGkj706iMFsayvn+wp6D4niGUOoDGtKOZSX6gNUwq+WcHJ2+54fsXAAJ2xVZB9juXSuhg==",
      "license": "SEE LICENSE IN LICENSE.md",
      "dependencies": {
        "@ckeditor/ckeditor5-core": "44.3.0",
        "@ckeditor/ckeditor5-engine": "44.3.0",
        "@ckeditor/ckeditor5-ui": "44.3.0",
        "@ckeditor/ckeditor5-utils": "44.3.0",
        "ckeditor5": "44.3.0",
        "lodash-es": "4.17.21"
      }
    },
    "node_modules/@ckeditor/ckeditor5-emoji": {
      "version": "44.3.0",
      "resolved": "https://registry.npmjs.org/@ckeditor/ckeditor5-emoji/-/ckeditor5-emoji-44.3.0.tgz",
      "integrity": "sha512-NevoSyV8f9F44oTYFJ8DVaOGmqS1XzCisg/lSW5iwfu2R0+6WXCfU6zlGwp9wVedolznUu5OiYpHK0Emz3dmBw==",
      "license": "SEE LICENSE IN LICENSE.md",
      "dependencies": {
        "@ckeditor/ckeditor5-core": "44.3.0",
        "@ckeditor/ckeditor5-mention": "44.3.0",
        "@ckeditor/ckeditor5-typing": "44.3.0",
        "@ckeditor/ckeditor5-ui": "44.3.0",
        "@ckeditor/ckeditor5-utils": "44.3.0",
        "ckeditor5": "44.3.0",
        "fuzzysort": "3.1.0",
        "lodash-es": "4.17.21"
      }
    },
    "node_modules/@ckeditor/ckeditor5-engine": {
      "version": "44.3.0",
      "resolved": "https://registry.npmjs.org/@ckeditor/ckeditor5-engine/-/ckeditor5-engine-44.3.0.tgz",
      "integrity": "sha512-76nq2oHwQocaGQfRKlaDaYYFSps3yVNfbC4204i4/S0moKtB9fSy9IBKwYm5D9iB+0qjqCYGnsn17wWNuKjCYQ==",
      "license": "SEE LICENSE IN LICENSE.md",
      "dependencies": {
        "@ckeditor/ckeditor5-utils": "44.3.0",
        "lodash-es": "4.17.21"
      }
    },
    "node_modules/@ckeditor/ckeditor5-enter": {
      "version": "44.3.0",
      "resolved": "https://registry.npmjs.org/@ckeditor/ckeditor5-enter/-/ckeditor5-enter-44.3.0.tgz",
      "integrity": "sha512-M5pv6XC5SIqwa9ZiQQsmmvCAot/uiBN/8ax3KvLz8S78eXDHyHKE6mZMWUd0MJCfZ/0b+CnrFVY/kvZkS+h/7g==",
      "license": "SEE LICENSE IN LICENSE.md",
      "dependencies": {
        "@ckeditor/ckeditor5-core": "44.3.0",
        "@ckeditor/ckeditor5-engine": "44.3.0",
        "@ckeditor/ckeditor5-utils": "44.3.0"
      }
    },
    "node_modules/@ckeditor/ckeditor5-essentials": {
      "version": "44.3.0",
      "resolved": "https://registry.npmjs.org/@ckeditor/ckeditor5-essentials/-/ckeditor5-essentials-44.3.0.tgz",
      "integrity": "sha512-DkE6u0pD3gcFLkyZRNA4IZVvjLQUpgoEeTCaB/QaCQRljSSj9300AtkIFpCdRiWo9RAGw7rs9XmVRoCsTPY4tQ==",
      "license": "SEE LICENSE IN LICENSE.md",
      "dependencies": {
        "@ckeditor/ckeditor5-clipboard": "44.3.0",
        "@ckeditor/ckeditor5-core": "44.3.0",
        "@ckeditor/ckeditor5-enter": "44.3.0",
        "@ckeditor/ckeditor5-select-all": "44.3.0",
        "@ckeditor/ckeditor5-typing": "44.3.0",
        "@ckeditor/ckeditor5-ui": "44.3.0",
        "@ckeditor/ckeditor5-undo": "44.3.0",
        "ckeditor5": "44.3.0"
      }
    },
    "node_modules/@ckeditor/ckeditor5-find-and-replace": {
      "version": "44.3.0",
      "resolved": "https://registry.npmjs.org/@ckeditor/ckeditor5-find-and-replace/-/ckeditor5-find-and-replace-44.3.0.tgz",
      "integrity": "sha512-d4fLo5IWyxPmfuoIqoaWaekoodgtFurKALc2ZyNvto7H9m+ul+uWwhF4A9buovbETv0N0mertDruGENygiuOCg==",
      "license": "SEE LICENSE IN LICENSE.md",
      "dependencies": {
        "@ckeditor/ckeditor5-core": "44.3.0",
        "@ckeditor/ckeditor5-ui": "44.3.0",
        "@ckeditor/ckeditor5-utils": "44.3.0",
        "ckeditor5": "44.3.0",
        "lodash-es": "4.17.21"
      }
    },
    "node_modules/@ckeditor/ckeditor5-font": {
      "version": "44.3.0",
      "resolved": "https://registry.npmjs.org/@ckeditor/ckeditor5-font/-/ckeditor5-font-44.3.0.tgz",
      "integrity": "sha512-F1cdHNbtXkM/1nvqbCO4XeSCHahNiMnwkQqCm36njxuBRXbAei/qTwxqrwPAukE6Yb2q9boX1prUbvEBbPAqhw==",
      "license": "SEE LICENSE IN LICENSE.md",
      "dependencies": {
        "@ckeditor/ckeditor5-core": "44.3.0",
        "@ckeditor/ckeditor5-engine": "44.3.0",
        "@ckeditor/ckeditor5-ui": "44.3.0",
        "@ckeditor/ckeditor5-utils": "44.3.0",
        "ckeditor5": "44.3.0"
      }
    },
    "node_modules/@ckeditor/ckeditor5-heading": {
      "version": "44.3.0",
      "resolved": "https://registry.npmjs.org/@ckeditor/ckeditor5-heading/-/ckeditor5-heading-44.3.0.tgz",
      "integrity": "sha512-7uCSHN2UMTzn/nZpoACOiUyx2dX4ZlC8bfLbpdgMhDPM9vEaa0Tr/lgSFD5C1ugLFFSEJL3pAPGWStvZ4wD6YA==",
      "license": "SEE LICENSE IN LICENSE.md",
      "dependencies": {
        "@ckeditor/ckeditor5-core": "44.3.0",
        "@ckeditor/ckeditor5-engine": "44.3.0",
        "@ckeditor/ckeditor5-paragraph": "44.3.0",
        "@ckeditor/ckeditor5-ui": "44.3.0",
        "@ckeditor/ckeditor5-utils": "44.3.0",
        "ckeditor5": "44.3.0"
      }
    },
    "node_modules/@ckeditor/ckeditor5-highlight": {
      "version": "44.3.0",
      "resolved": "https://registry.npmjs.org/@ckeditor/ckeditor5-highlight/-/ckeditor5-highlight-44.3.0.tgz",
      "integrity": "sha512-BwdMrcAbS0J/3q3dmtY0F6sVARVR9oSrWj4/850EfXp0hw9gkpQyEjrds17sIrIchCG+/8/0LM4Z9sADYzmo9w==",
      "license": "SEE LICENSE IN LICENSE.md",
      "dependencies": {
        "@ckeditor/ckeditor5-core": "44.3.0",
        "@ckeditor/ckeditor5-ui": "44.3.0",
        "@ckeditor/ckeditor5-utils": "44.3.0",
        "ckeditor5": "44.3.0"
      }
    },
    "node_modules/@ckeditor/ckeditor5-horizontal-line": {
      "version": "44.3.0",
      "resolved": "https://registry.npmjs.org/@ckeditor/ckeditor5-horizontal-line/-/ckeditor5-horizontal-line-44.3.0.tgz",
      "integrity": "sha512-k8YuWptng4IKUbXVE+ZjVyNm8JpGU50aFWckYunimlpajNOKC52L8pneIEqIHr/BjA+2P/vtAIf8HDZs+AoNjw==",
      "license": "SEE LICENSE IN LICENSE.md",
      "dependencies": {
        "@ckeditor/ckeditor5-core": "44.3.0",
        "@ckeditor/ckeditor5-ui": "44.3.0",
        "@ckeditor/ckeditor5-utils": "44.3.0",
        "@ckeditor/ckeditor5-widget": "44.3.0",
        "ckeditor5": "44.3.0"
      }
    },
    "node_modules/@ckeditor/ckeditor5-html-embed": {
      "version": "44.3.0",
      "resolved": "https://registry.npmjs.org/@ckeditor/ckeditor5-html-embed/-/ckeditor5-html-embed-44.3.0.tgz",
      "integrity": "sha512-rJV3ikojykVPw9CrtzInh8DsgGuk/2UOi8KUr3b6DEtuYOqJkG5cfpqRy5QVoSRbtpLhVOWNpEKhYGgiv+HUgw==",
      "license": "SEE LICENSE IN LICENSE.md",
      "dependencies": {
        "@ckeditor/ckeditor5-core": "44.3.0",
        "@ckeditor/ckeditor5-ui": "44.3.0",
        "@ckeditor/ckeditor5-utils": "44.3.0",
        "@ckeditor/ckeditor5-widget": "44.3.0",
        "ckeditor5": "44.3.0"
      }
    },
    "node_modules/@ckeditor/ckeditor5-html-support": {
      "version": "44.3.0",
      "resolved": "https://registry.npmjs.org/@ckeditor/ckeditor5-html-support/-/ckeditor5-html-support-44.3.0.tgz",
      "integrity": "sha512-KFBHMzBNU9/YBj3Eil03qYBLNk7wAuholdZ3YijohgCt2YRw1cRu9krjGaOyhF9E5MEu0cqTJvTjPGBhGE8mVQ==",
      "license": "SEE LICENSE IN LICENSE.md",
      "dependencies": {
        "@ckeditor/ckeditor5-core": "44.3.0",
        "@ckeditor/ckeditor5-engine": "44.3.0",
        "@ckeditor/ckeditor5-enter": "44.3.0",
        "@ckeditor/ckeditor5-heading": "44.3.0",
        "@ckeditor/ckeditor5-image": "44.3.0",
        "@ckeditor/ckeditor5-list": "44.3.0",
        "@ckeditor/ckeditor5-table": "44.3.0",
        "@ckeditor/ckeditor5-utils": "44.3.0",
        "@ckeditor/ckeditor5-widget": "44.3.0",
        "ckeditor5": "44.3.0",
        "lodash-es": "4.17.21"
      }
    },
    "node_modules/@ckeditor/ckeditor5-image": {
      "version": "44.3.0",
      "resolved": "https://registry.npmjs.org/@ckeditor/ckeditor5-image/-/ckeditor5-image-44.3.0.tgz",
      "integrity": "sha512-3mRgGSOXQ4e/TJZcB7N8SPSnN+pdUzA72kwiN6FrjjdV0CNqehNoSUCFrwra4ctHaFjLBBqFVV+hEvwFlgmlxA==",
      "license": "SEE LICENSE IN LICENSE.md",
      "dependencies": {
        "@ckeditor/ckeditor5-clipboard": "44.3.0",
        "@ckeditor/ckeditor5-core": "44.3.0",
        "@ckeditor/ckeditor5-engine": "44.3.0",
        "@ckeditor/ckeditor5-typing": "44.3.0",
        "@ckeditor/ckeditor5-ui": "44.3.0",
        "@ckeditor/ckeditor5-undo": "44.3.0",
        "@ckeditor/ckeditor5-upload": "44.3.0",
        "@ckeditor/ckeditor5-utils": "44.3.0",
        "@ckeditor/ckeditor5-widget": "44.3.0",
        "ckeditor5": "44.3.0",
        "lodash-es": "4.17.21"
      }
    },
    "node_modules/@ckeditor/ckeditor5-indent": {
      "version": "44.3.0",
      "resolved": "https://registry.npmjs.org/@ckeditor/ckeditor5-indent/-/ckeditor5-indent-44.3.0.tgz",
      "integrity": "sha512-Gju3Lt2/OQB2mzhk/TTtonHTEcmFua4Ag4keB75EbPxthpLZZnMQm3Gl7MvrecjUv4+3nRlEBv/Bon00OIXcqA==",
      "license": "SEE LICENSE IN LICENSE.md",
      "dependencies": {
        "@ckeditor/ckeditor5-core": "44.3.0",
        "@ckeditor/ckeditor5-engine": "44.3.0",
        "@ckeditor/ckeditor5-heading": "44.3.0",
        "@ckeditor/ckeditor5-list": "44.3.0",
        "@ckeditor/ckeditor5-ui": "44.3.0",
        "@ckeditor/ckeditor5-utils": "44.3.0",
        "ckeditor5": "44.3.0"
      }
    },
    "node_modules/@ckeditor/ckeditor5-language": {
      "version": "44.3.0",
      "resolved": "https://registry.npmjs.org/@ckeditor/ckeditor5-language/-/ckeditor5-language-44.3.0.tgz",
      "integrity": "sha512-lnhnnsSwMnnyFpUktrvAxuj6tlwn2zjSm7+ZDxMiQpsZuRsmABnSapeKqjlfs8B1rQwrcZIhp1FsHVvnaVOzug==",
      "license": "SEE LICENSE IN LICENSE.md",
      "dependencies": {
        "@ckeditor/ckeditor5-core": "44.3.0",
        "@ckeditor/ckeditor5-ui": "44.3.0",
        "@ckeditor/ckeditor5-utils": "44.3.0",
        "ckeditor5": "44.3.0"
      }
    },
    "node_modules/@ckeditor/ckeditor5-link": {
      "version": "44.3.0",
      "resolved": "https://registry.npmjs.org/@ckeditor/ckeditor5-link/-/ckeditor5-link-44.3.0.tgz",
      "integrity": "sha512-OmOWje1i7tuEBNHoIi/n6M69xE1K97P2xmbSJ9HB5nFFvelfCCMnuLa+7QmT1+/Sxg0VYM175dtTclinEeWJhQ==",
      "license": "SEE LICENSE IN LICENSE.md",
      "dependencies": {
        "@ckeditor/ckeditor5-bookmark": "44.3.0",
        "@ckeditor/ckeditor5-clipboard": "44.3.0",
        "@ckeditor/ckeditor5-core": "44.3.0",
        "@ckeditor/ckeditor5-engine": "44.3.0",
        "@ckeditor/ckeditor5-image": "44.3.0",
        "@ckeditor/ckeditor5-typing": "44.3.0",
        "@ckeditor/ckeditor5-ui": "44.3.0",
        "@ckeditor/ckeditor5-utils": "44.3.0",
        "@ckeditor/ckeditor5-widget": "44.3.0",
        "ckeditor5": "44.3.0",
        "lodash-es": "4.17.21"
      }
    },
    "node_modules/@ckeditor/ckeditor5-list": {
      "version": "44.3.0",
      "resolved": "https://registry.npmjs.org/@ckeditor/ckeditor5-list/-/ckeditor5-list-44.3.0.tgz",
      "integrity": "sha512-66f3n8ASdhA7wxPoGt/sI+Eg/IhDFutSkCEcqL2tsJFVRB0MuhhQIklxdGRVfPrjbpMSUPSRJPMddAFhRCzfUQ==",
      "license": "SEE LICENSE IN LICENSE.md",
      "dependencies": {
        "@ckeditor/ckeditor5-clipboard": "44.3.0",
        "@ckeditor/ckeditor5-core": "44.3.0",
        "@ckeditor/ckeditor5-engine": "44.3.0",
        "@ckeditor/ckeditor5-enter": "44.3.0",
        "@ckeditor/ckeditor5-typing": "44.3.0",
        "@ckeditor/ckeditor5-ui": "44.3.0",
        "@ckeditor/ckeditor5-utils": "44.3.0",
        "ckeditor5": "44.3.0"
      }
    },
    "node_modules/@ckeditor/ckeditor5-markdown-gfm": {
      "version": "44.3.0",
      "resolved": "https://registry.npmjs.org/@ckeditor/ckeditor5-markdown-gfm/-/ckeditor5-markdown-gfm-44.3.0.tgz",
      "integrity": "sha512-q+vblaqjjwQQkcrFfsOCD7ejWl1ltqV982jfFK9LTx7DiJIuR2UwByNrRC00Xeol2rDeC8lYoIH77AZHavFIbw==",
      "license": "SEE LICENSE IN LICENSE.md",
      "dependencies": {
        "@ckeditor/ckeditor5-clipboard": "44.3.0",
        "@ckeditor/ckeditor5-core": "44.3.0",
        "@ckeditor/ckeditor5-engine": "44.3.0",
        "@types/marked": "4.3.2",
        "@types/turndown": "5.0.5",
        "ckeditor5": "44.3.0",
        "marked": "4.0.12",
        "turndown": "7.2.0",
        "turndown-plugin-gfm": "1.0.2"
      }
    },
    "node_modules/@ckeditor/ckeditor5-media-embed": {
      "version": "44.3.0",
      "resolved": "https://registry.npmjs.org/@ckeditor/ckeditor5-media-embed/-/ckeditor5-media-embed-44.3.0.tgz",
      "integrity": "sha512-wlAITZKeNEZfB164hwODXfhg63pYaWynCuIvVCtaeVUmoBqnSkK8gxuZ2ehxUdi4SPlVJwt84afDsD4RU8UYDQ==",
      "license": "SEE LICENSE IN LICENSE.md",
      "dependencies": {
        "@ckeditor/ckeditor5-clipboard": "44.3.0",
        "@ckeditor/ckeditor5-core": "44.3.0",
        "@ckeditor/ckeditor5-engine": "44.3.0",
        "@ckeditor/ckeditor5-typing": "44.3.0",
        "@ckeditor/ckeditor5-ui": "44.3.0",
        "@ckeditor/ckeditor5-undo": "44.3.0",
        "@ckeditor/ckeditor5-utils": "44.3.0",
        "@ckeditor/ckeditor5-widget": "44.3.0",
        "ckeditor5": "44.3.0"
      }
    },
    "node_modules/@ckeditor/ckeditor5-mention": {
      "version": "44.3.0",
      "resolved": "https://registry.npmjs.org/@ckeditor/ckeditor5-mention/-/ckeditor5-mention-44.3.0.tgz",
      "integrity": "sha512-pmf7prEvIJgP4rbyeTtY6Ynl2i5jo52G+DlFwJbWUzZDyOZIR41mh4hBimK50QHR0szaXMBGbM+alFu924vZCA==",
      "license": "SEE LICENSE IN LICENSE.md",
      "dependencies": {
        "@ckeditor/ckeditor5-core": "44.3.0",
        "@ckeditor/ckeditor5-typing": "44.3.0",
        "@ckeditor/ckeditor5-ui": "44.3.0",
        "@ckeditor/ckeditor5-utils": "44.3.0",
        "ckeditor5": "44.3.0",
        "lodash-es": "4.17.21"
      }
    },
    "node_modules/@ckeditor/ckeditor5-minimap": {
      "version": "44.3.0",
      "resolved": "https://registry.npmjs.org/@ckeditor/ckeditor5-minimap/-/ckeditor5-minimap-44.3.0.tgz",
      "integrity": "sha512-iRO1t1lyeyiFZg4il5JGRVwyoqRYqsRcj9uSh90xNJJAxH5yiPlWAGIvCMzWDwlINFJe/hfaNd0RDzlbNHytgA==",
      "license": "SEE LICENSE IN LICENSE.md",
      "dependencies": {
        "@ckeditor/ckeditor5-core": "44.3.0",
        "@ckeditor/ckeditor5-engine": "44.3.0",
        "@ckeditor/ckeditor5-ui": "44.3.0",
        "@ckeditor/ckeditor5-utils": "44.3.0",
        "ckeditor5": "44.3.0"
      }
    },
    "node_modules/@ckeditor/ckeditor5-page-break": {
      "version": "44.3.0",
      "resolved": "https://registry.npmjs.org/@ckeditor/ckeditor5-page-break/-/ckeditor5-page-break-44.3.0.tgz",
      "integrity": "sha512-PzvOsEDNBPWCtN9S6nhJPWYwF/5BoE0klXkNzTgoA28EwsoSA4evU8gztcoxxGkVOskdI2OzZfz1QUaPFczLDQ==",
      "license": "SEE LICENSE IN LICENSE.md",
      "dependencies": {
        "@ckeditor/ckeditor5-core": "44.3.0",
        "@ckeditor/ckeditor5-ui": "44.3.0",
        "@ckeditor/ckeditor5-utils": "44.3.0",
        "@ckeditor/ckeditor5-widget": "44.3.0",
        "ckeditor5": "44.3.0"
      }
    },
    "node_modules/@ckeditor/ckeditor5-paragraph": {
      "version": "44.3.0",
      "resolved": "https://registry.npmjs.org/@ckeditor/ckeditor5-paragraph/-/ckeditor5-paragraph-44.3.0.tgz",
      "integrity": "sha512-kxZBn/xmz+woXB0fIKWA/ZrFZXqyubX5BhcOYpM2j3CtjsJUJsL6ekwBq/y9HNSkkKfNKHaTzK7IDiPBKblcrw==",
      "license": "SEE LICENSE IN LICENSE.md",
      "dependencies": {
        "@ckeditor/ckeditor5-core": "44.3.0",
        "@ckeditor/ckeditor5-engine": "44.3.0",
        "@ckeditor/ckeditor5-ui": "44.3.0",
        "@ckeditor/ckeditor5-utils": "44.3.0"
      }
    },
    "node_modules/@ckeditor/ckeditor5-paste-from-office": {
      "version": "44.3.0",
      "resolved": "https://registry.npmjs.org/@ckeditor/ckeditor5-paste-from-office/-/ckeditor5-paste-from-office-44.3.0.tgz",
      "integrity": "sha512-IHl3YVE6ONGXTxHf+uHvvBMFR90nxTz7nB9eA8DzuWskF+fOo+wtVdfZaafLUs0kJJXBTRebsv2Sa5onLLL6tA==",
      "license": "SEE LICENSE IN LICENSE.md",
      "dependencies": {
        "@ckeditor/ckeditor5-clipboard": "44.3.0",
        "@ckeditor/ckeditor5-core": "44.3.0",
        "@ckeditor/ckeditor5-engine": "44.3.0",
        "ckeditor5": "44.3.0"
      }
    },
    "node_modules/@ckeditor/ckeditor5-remove-format": {
      "version": "44.3.0",
      "resolved": "https://registry.npmjs.org/@ckeditor/ckeditor5-remove-format/-/ckeditor5-remove-format-44.3.0.tgz",
      "integrity": "sha512-ZlbJNaX+IGui9C3NDC/W/4M308RzD3+jnk5iDGXENjBstNB99AnwpfDXel+Tc0t5rTd7D1fSr9eaxScnPLdgwA==",
      "license": "SEE LICENSE IN LICENSE.md",
      "dependencies": {
        "@ckeditor/ckeditor5-core": "44.3.0",
        "@ckeditor/ckeditor5-ui": "44.3.0",
        "@ckeditor/ckeditor5-utils": "44.3.0",
        "ckeditor5": "44.3.0"
      }
    },
    "node_modules/@ckeditor/ckeditor5-restricted-editing": {
      "version": "44.3.0",
      "resolved": "https://registry.npmjs.org/@ckeditor/ckeditor5-restricted-editing/-/ckeditor5-restricted-editing-44.3.0.tgz",
      "integrity": "sha512-0V/can4jw70DMBPwex1MRiUHRsvFdbjZp/RaHagazen6gOZZOAo3R7vJjp+qBQrHmXP6T6aTGn89Y9NxYI9OIw==",
      "license": "SEE LICENSE IN LICENSE.md",
      "dependencies": {
        "@ckeditor/ckeditor5-core": "44.3.0",
        "@ckeditor/ckeditor5-engine": "44.3.0",
        "@ckeditor/ckeditor5-ui": "44.3.0",
        "@ckeditor/ckeditor5-utils": "44.3.0",
        "ckeditor5": "44.3.0"
      }
    },
    "node_modules/@ckeditor/ckeditor5-select-all": {
      "version": "44.3.0",
      "resolved": "https://registry.npmjs.org/@ckeditor/ckeditor5-select-all/-/ckeditor5-select-all-44.3.0.tgz",
      "integrity": "sha512-GDNl6Iex1cyHAQgjR6cqIklH8QPO1x1Z87gwi93lX3mgm47DW6Q12jvwfRc36+d1zGf5W7+eH0xaP7jQPWYUPg==",
      "license": "SEE LICENSE IN LICENSE.md",
      "dependencies": {
        "@ckeditor/ckeditor5-core": "44.3.0",
        "@ckeditor/ckeditor5-engine": "44.3.0",
        "@ckeditor/ckeditor5-ui": "44.3.0",
        "@ckeditor/ckeditor5-utils": "44.3.0"
      }
    },
    "node_modules/@ckeditor/ckeditor5-show-blocks": {
      "version": "44.3.0",
      "resolved": "https://registry.npmjs.org/@ckeditor/ckeditor5-show-blocks/-/ckeditor5-show-blocks-44.3.0.tgz",
      "integrity": "sha512-4Qp992YWOby7+MiyX0PwD8bg/+PgsRFNXd9DLyhCvmmiFmkwUzbYmA8t3lp+V3uefg5SrcylzWn4QHlUNVg1iw==",
      "license": "SEE LICENSE IN LICENSE.md",
      "dependencies": {
        "@ckeditor/ckeditor5-core": "44.3.0",
        "@ckeditor/ckeditor5-ui": "44.3.0",
        "@ckeditor/ckeditor5-utils": "44.3.0",
        "ckeditor5": "44.3.0"
      }
    },
    "node_modules/@ckeditor/ckeditor5-source-editing": {
      "version": "44.3.0",
      "resolved": "https://registry.npmjs.org/@ckeditor/ckeditor5-source-editing/-/ckeditor5-source-editing-44.3.0.tgz",
      "integrity": "sha512-OCv2oO6ok0UrZJHOoJRnywFpv3+UntOs7TuvEw35zDYJCgcmICfzqqTZ++ZcZaq1oOERbwk2L4E4uy2H8KXWQA==",
      "license": "SEE LICENSE IN LICENSE.md",
      "dependencies": {
        "@ckeditor/ckeditor5-core": "44.3.0",
        "@ckeditor/ckeditor5-theme-lark": "44.3.0",
        "@ckeditor/ckeditor5-ui": "44.3.0",
        "@ckeditor/ckeditor5-utils": "44.3.0",
        "ckeditor5": "44.3.0"
      }
    },
    "node_modules/@ckeditor/ckeditor5-special-characters": {
      "version": "44.3.0",
      "resolved": "https://registry.npmjs.org/@ckeditor/ckeditor5-special-characters/-/ckeditor5-special-characters-44.3.0.tgz",
      "integrity": "sha512-K3cOw/aMUmkXofUVFpUXTHLNYlwvcT3KUyfvTO3oT8ae3ecQlG4btTjgnzgVD2zIXFSEpguSBYywVUhMAZWNMA==",
      "license": "SEE LICENSE IN LICENSE.md",
      "dependencies": {
        "@ckeditor/ckeditor5-core": "44.3.0",
        "@ckeditor/ckeditor5-typing": "44.3.0",
        "@ckeditor/ckeditor5-ui": "44.3.0",
        "@ckeditor/ckeditor5-utils": "44.3.0",
        "ckeditor5": "44.3.0"
      }
    },
    "node_modules/@ckeditor/ckeditor5-style": {
      "version": "44.3.0",
      "resolved": "https://registry.npmjs.org/@ckeditor/ckeditor5-style/-/ckeditor5-style-44.3.0.tgz",
      "integrity": "sha512-IUd5yRea8uh/VyAJ6p1NdXL9wWywQYfIOubzNgiP1b58q0psfWYxwsREekE6Epd+sMHC1H4wc+dZsIxfi+stKw==",
      "license": "SEE LICENSE IN LICENSE.md",
      "dependencies": {
        "@ckeditor/ckeditor5-core": "44.3.0",
        "@ckeditor/ckeditor5-html-support": "44.3.0",
        "@ckeditor/ckeditor5-list": "44.3.0",
        "@ckeditor/ckeditor5-table": "44.3.0",
        "@ckeditor/ckeditor5-typing": "44.3.0",
        "@ckeditor/ckeditor5-ui": "44.3.0",
        "@ckeditor/ckeditor5-utils": "44.3.0",
        "ckeditor5": "44.3.0",
        "lodash-es": "4.17.21"
      }
    },
    "node_modules/@ckeditor/ckeditor5-table": {
      "version": "44.3.0",
      "resolved": "https://registry.npmjs.org/@ckeditor/ckeditor5-table/-/ckeditor5-table-44.3.0.tgz",
      "integrity": "sha512-kFPvQWe/7Iq9tPzq788HLax7Ss8SJaS5+bkhbUmH+k4RM4NABl1ABRa+EzyMIrdqz9KLYr0B57jUoCU8Y2HLsg==",
      "license": "SEE LICENSE IN LICENSE.md",
      "dependencies": {
        "@ckeditor/ckeditor5-clipboard": "44.3.0",
        "@ckeditor/ckeditor5-core": "44.3.0",
        "@ckeditor/ckeditor5-engine": "44.3.0",
        "@ckeditor/ckeditor5-ui": "44.3.0",
        "@ckeditor/ckeditor5-utils": "44.3.0",
        "@ckeditor/ckeditor5-widget": "44.3.0",
        "ckeditor5": "44.3.0",
        "lodash-es": "4.17.21"
      }
    },
    "node_modules/@ckeditor/ckeditor5-theme-lark": {
      "version": "44.3.0",
      "resolved": "https://registry.npmjs.org/@ckeditor/ckeditor5-theme-lark/-/ckeditor5-theme-lark-44.3.0.tgz",
      "integrity": "sha512-Druy7S1e3bjwMVLkld7ZPGIU6tdI9E6bn/AS+OrQF3mDck14mFP+K4qnMbYNCeYngMqv8Se0eSHtAmQhU7It0A==",
      "license": "SEE LICENSE IN LICENSE.md",
      "dependencies": {
        "@ckeditor/ckeditor5-ui": "44.3.0"
      }
    },
    "node_modules/@ckeditor/ckeditor5-typing": {
      "version": "44.3.0",
      "resolved": "https://registry.npmjs.org/@ckeditor/ckeditor5-typing/-/ckeditor5-typing-44.3.0.tgz",
      "integrity": "sha512-ojAuhhd/PfO5Oko94ObgEmuvQzqApARb2H0R5YEySSRj9oek4Nm1NGMhHMvIC0sMP2hSVxhfSbHcHY3vDjGwiA==",
      "license": "SEE LICENSE IN LICENSE.md",
      "dependencies": {
        "@ckeditor/ckeditor5-core": "44.3.0",
        "@ckeditor/ckeditor5-engine": "44.3.0",
        "@ckeditor/ckeditor5-utils": "44.3.0",
        "lodash-es": "4.17.21"
      }
    },
    "node_modules/@ckeditor/ckeditor5-ui": {
      "version": "44.3.0",
      "resolved": "https://registry.npmjs.org/@ckeditor/ckeditor5-ui/-/ckeditor5-ui-44.3.0.tgz",
      "integrity": "sha512-Sotme1g/xwhmDYes+bXEU/9hbGXcaKC952Yck6UiYgZyhei28lErlNwtSOAKfpQ2gHbPjWRt7rigSH22EN+iqw==",
      "license": "SEE LICENSE IN LICENSE.md",
      "dependencies": {
        "@ckeditor/ckeditor5-core": "44.3.0",
        "@ckeditor/ckeditor5-editor-multi-root": "44.3.0",
        "@ckeditor/ckeditor5-engine": "44.3.0",
        "@ckeditor/ckeditor5-utils": "44.3.0",
        "@types/color-convert": "2.0.4",
        "color-convert": "2.0.1",
        "color-parse": "1.4.2",
        "lodash-es": "4.17.21",
        "vanilla-colorful": "0.7.2"
      }
    },
    "node_modules/@ckeditor/ckeditor5-undo": {
      "version": "44.3.0",
      "resolved": "https://registry.npmjs.org/@ckeditor/ckeditor5-undo/-/ckeditor5-undo-44.3.0.tgz",
      "integrity": "sha512-cogFPl7QoDrmoUPKTZI0/LiUYoFboqm0lqBK168nh5VRgy53RuGgbXJ4+hCOHNuzdUnVUlWvl/2u0vR4/R07+A==",
      "license": "SEE LICENSE IN LICENSE.md",
      "dependencies": {
        "@ckeditor/ckeditor5-core": "44.3.0",
        "@ckeditor/ckeditor5-engine": "44.3.0",
        "@ckeditor/ckeditor5-ui": "44.3.0",
        "@ckeditor/ckeditor5-utils": "44.3.0"
      }
    },
    "node_modules/@ckeditor/ckeditor5-upload": {
      "version": "44.3.0",
      "resolved": "https://registry.npmjs.org/@ckeditor/ckeditor5-upload/-/ckeditor5-upload-44.3.0.tgz",
      "integrity": "sha512-oJgsw374nHeVKx1qvnlQzEyDhfFvC/su84f00nOdDGWfsHabU3hE0hZE+yoBtreRViORwwe6Ftg5qbhl5OVyuA==",
      "license": "SEE LICENSE IN LICENSE.md",
      "dependencies": {
        "@ckeditor/ckeditor5-core": "44.3.0",
        "@ckeditor/ckeditor5-utils": "44.3.0"
      }
    },
    "node_modules/@ckeditor/ckeditor5-utils": {
      "version": "44.3.0",
      "resolved": "https://registry.npmjs.org/@ckeditor/ckeditor5-utils/-/ckeditor5-utils-44.3.0.tgz",
      "integrity": "sha512-Z/ttfLhu9QnuMc9BBdQfH9Do6JD01ijUkUmUB41BPByYfOjZbGYGfZmhywH9OjXmHnSDQSUqwRnxqqM3nceR1g==",
      "license": "SEE LICENSE IN LICENSE.md",
      "dependencies": {
        "@ckeditor/ckeditor5-ui": "44.3.0",
        "@types/lodash-es": "4.17.12",
        "lodash-es": "4.17.21"
      }
    },
    "node_modules/@ckeditor/ckeditor5-watchdog": {
      "version": "44.3.0",
      "resolved": "https://registry.npmjs.org/@ckeditor/ckeditor5-watchdog/-/ckeditor5-watchdog-44.3.0.tgz",
      "integrity": "sha512-7Y4FOWB021CLEUDsIf61tZzd9ZrZ8JkD8lQeRZOmv+bBLTxgjyz2/7MCjIDR7NN0xdASXTFwRS6XO32HbdrN0Q==",
      "license": "SEE LICENSE IN LICENSE.md",
      "dependencies": {
        "@ckeditor/ckeditor5-core": "44.3.0",
        "@ckeditor/ckeditor5-editor-multi-root": "44.3.0",
        "@ckeditor/ckeditor5-engine": "44.3.0",
        "@ckeditor/ckeditor5-utils": "44.3.0",
        "lodash-es": "4.17.21"
      }
    },
    "node_modules/@ckeditor/ckeditor5-widget": {
      "version": "44.3.0",
      "resolved": "https://registry.npmjs.org/@ckeditor/ckeditor5-widget/-/ckeditor5-widget-44.3.0.tgz",
      "integrity": "sha512-nFEKBE33RnZ2bOeD9L9jfyKYaFw/xKY543ZNQWxWHcmI70AX3U2KJ8wUnuMjMknHafyMuH6bSlWjKtn5vz3w+g==",
      "license": "SEE LICENSE IN LICENSE.md",
      "dependencies": {
        "@ckeditor/ckeditor5-core": "44.3.0",
        "@ckeditor/ckeditor5-engine": "44.3.0",
        "@ckeditor/ckeditor5-enter": "44.3.0",
        "@ckeditor/ckeditor5-typing": "44.3.0",
        "@ckeditor/ckeditor5-ui": "44.3.0",
        "@ckeditor/ckeditor5-utils": "44.3.0",
        "lodash-es": "4.17.21"
      }
    },
    "node_modules/@ckeditor/ckeditor5-word-count": {
      "version": "44.3.0",
      "resolved": "https://registry.npmjs.org/@ckeditor/ckeditor5-word-count/-/ckeditor5-word-count-44.3.0.tgz",
      "integrity": "sha512-9iNiF1wq1f9npT/KhBAgDfM6kFbJ0GyUdlXt3V6zyLY2K3SILQ6q5B23jhtABZny8zxA+f528ClxDSTFh9bXDA==",
      "license": "SEE LICENSE IN LICENSE.md",
      "dependencies": {
        "@ckeditor/ckeditor5-core": "44.3.0",
        "@ckeditor/ckeditor5-ui": "44.3.0",
        "@ckeditor/ckeditor5-utils": "44.3.0",
        "ckeditor5": "44.3.0",
        "lodash-es": "4.17.21"
      }
    },
    "node_modules/@mixmark-io/domino": {
      "version": "2.2.0",
      "resolved": "https://registry.npmjs.org/@mixmark-io/domino/-/domino-2.2.0.tgz",
      "integrity": "sha512-Y28PR25bHXUg88kCV7nivXrP2Nj2RueZ3/l/jdx6J9f8J4nsEGcgX0Qe6lt7Pa+J79+kPiJU3LguR6O/6zrLOw==",
      "license": "BSD-2-Clause"
    },
    "node_modules/@types/color-convert": {
      "version": "2.0.4",
      "resolved": "https://registry.npmjs.org/@types/color-convert/-/color-convert-2.0.4.tgz",
      "integrity": "sha512-Ub1MmDdyZ7mX//g25uBAoH/mWGd9swVbt8BseymnaE18SU4po/PjmCrHxqIIRjBo3hV/vh1KGr0eMxUhp+t+dQ==",
      "license": "MIT",
      "dependencies": {
        "@types/color-name": "^1.1.0"
      }
    },
    "node_modules/@types/color-name": {
      "version": "1.1.5",
      "resolved": "https://registry.npmjs.org/@types/color-name/-/color-name-1.1.5.tgz",
      "integrity": "sha512-j2K5UJqGTxeesj6oQuGpMgifpT5k9HprgQd8D1Y0lOFqKHl3PJu5GMeS4Y5EgjS55AE6OQxf8mPED9uaGbf4Cg==",
      "license": "MIT"
    },
    "node_modules/@types/lodash": {
      "version": "4.17.20",
      "resolved": "https://registry.npmjs.org/@types/lodash/-/lodash-4.17.20.tgz",
      "integrity": "sha512-H3MHACvFUEiujabxhaI/ImO6gUrd8oOurg7LQtS7mbwIXA/cUqWrvBsaeJ23aZEPk1TAYkurjfMbSELfoCXlGA==",
      "license": "MIT"
    },
    "node_modules/@types/lodash-es": {
      "version": "4.17.12",
      "resolved": "https://registry.npmjs.org/@types/lodash-es/-/lodash-es-4.17.12.tgz",
      "integrity": "sha512-0NgftHUcV4v34VhXm8QBSftKVXtbkBG3ViCjs6+eJ5a6y6Mi/jiFGPc1sC7QK+9BFhWrURE3EOggmWaSxL9OzQ==",
      "license": "MIT",
      "dependencies": {
        "@types/lodash": "*"
      }
    },
    "node_modules/@types/marked": {
      "version": "4.3.2",
      "resolved": "https://registry.npmjs.org/@types/marked/-/marked-4.3.2.tgz",
      "integrity": "sha512-a79Yc3TOk6dGdituy8hmTTJXjOkZ7zsFYV10L337ttq/rec8lRMDBpV7fL3uLx6TgbFCa5DU/h8FmIBQPSbU0w==",
      "license": "MIT"
    },
    "node_modules/@types/turndown": {
      "version": "5.0.5",
      "resolved": "https://registry.npmjs.org/@types/turndown/-/turndown-5.0.5.tgz",
      "integrity": "sha512-TL2IgGgc7B5j78rIccBtlYAnkuv8nUQqhQc+DSYV5j9Be9XOcm/SKOVRuA47xAVI3680Tk9B1d8flK2GWT2+4w==",
      "license": "MIT"
    },
    "node_modules/blurhash": {
      "version": "2.0.5",
      "resolved": "https://registry.npmjs.org/blurhash/-/blurhash-2.0.5.tgz",
      "integrity": "sha512-cRygWd7kGBQO3VEhPiTgq4Wc43ctsM+o46urrmPOiuAe+07fzlSB9OJVdpgDL0jPqXUVQ9ht7aq7kxOeJHRK+w==",
      "license": "MIT"
    },
    "node_modules/ckeditor5": {
      "version": "44.3.0",
      "resolved": "https://registry.npmjs.org/ckeditor5/-/ckeditor5-44.3.0.tgz",
      "integrity": "sha512-g2arr/fejYAiOkdMeYvz1ficRPJ42OvO+pYROhre08YjIbAtJBr8wO9DPk9nCV3msnyYE+B02bs+TppazhYNtw==",
      "license": "SEE LICENSE IN LICENSE.md",
      "dependencies": {
        "@ckeditor/ckeditor5-adapter-ckfinder": "44.3.0",
        "@ckeditor/ckeditor5-alignment": "44.3.0",
        "@ckeditor/ckeditor5-autoformat": "44.3.0",
        "@ckeditor/ckeditor5-autosave": "44.3.0",
        "@ckeditor/ckeditor5-basic-styles": "44.3.0",
        "@ckeditor/ckeditor5-block-quote": "44.3.0",
        "@ckeditor/ckeditor5-bookmark": "44.3.0",
        "@ckeditor/ckeditor5-ckbox": "44.3.0",
        "@ckeditor/ckeditor5-ckfinder": "44.3.0",
        "@ckeditor/ckeditor5-clipboard": "44.3.0",
        "@ckeditor/ckeditor5-cloud-services": "44.3.0",
        "@ckeditor/ckeditor5-code-block": "44.3.0",
        "@ckeditor/ckeditor5-core": "44.3.0",
        "@ckeditor/ckeditor5-easy-image": "44.3.0",
        "@ckeditor/ckeditor5-editor-balloon": "44.3.0",
        "@ckeditor/ckeditor5-editor-classic": "44.3.0",
        "@ckeditor/ckeditor5-editor-decoupled": "44.3.0",
        "@ckeditor/ckeditor5-editor-inline": "44.3.0",
        "@ckeditor/ckeditor5-editor-multi-root": "44.3.0",
        "@ckeditor/ckeditor5-emoji": "44.3.0",
        "@ckeditor/ckeditor5-engine": "44.3.0",
        "@ckeditor/ckeditor5-enter": "44.3.0",
        "@ckeditor/ckeditor5-essentials": "44.3.0",
        "@ckeditor/ckeditor5-find-and-replace": "44.3.0",
        "@ckeditor/ckeditor5-font": "44.3.0",
        "@ckeditor/ckeditor5-heading": "44.3.0",
        "@ckeditor/ckeditor5-highlight": "44.3.0",
        "@ckeditor/ckeditor5-horizontal-line": "44.3.0",
        "@ckeditor/ckeditor5-html-embed": "44.3.0",
        "@ckeditor/ckeditor5-html-support": "44.3.0",
        "@ckeditor/ckeditor5-image": "44.3.0",
        "@ckeditor/ckeditor5-indent": "44.3.0",
        "@ckeditor/ckeditor5-language": "44.3.0",
        "@ckeditor/ckeditor5-link": "44.3.0",
        "@ckeditor/ckeditor5-list": "44.3.0",
        "@ckeditor/ckeditor5-markdown-gfm": "44.3.0",
        "@ckeditor/ckeditor5-media-embed": "44.3.0",
        "@ckeditor/ckeditor5-mention": "44.3.0",
        "@ckeditor/ckeditor5-minimap": "44.3.0",
        "@ckeditor/ckeditor5-page-break": "44.3.0",
        "@ckeditor/ckeditor5-paragraph": "44.3.0",
        "@ckeditor/ckeditor5-paste-from-office": "44.3.0",
        "@ckeditor/ckeditor5-remove-format": "44.3.0",
        "@ckeditor/ckeditor5-restricted-editing": "44.3.0",
        "@ckeditor/ckeditor5-select-all": "44.3.0",
        "@ckeditor/ckeditor5-show-blocks": "44.3.0",
        "@ckeditor/ckeditor5-source-editing": "44.3.0",
        "@ckeditor/ckeditor5-special-characters": "44.3.0",
        "@ckeditor/ckeditor5-style": "44.3.0",
        "@ckeditor/ckeditor5-table": "44.3.0",
        "@ckeditor/ckeditor5-theme-lark": "44.3.0",
        "@ckeditor/ckeditor5-typing": "44.3.0",
        "@ckeditor/ckeditor5-ui": "44.3.0",
        "@ckeditor/ckeditor5-undo": "44.3.0",
        "@ckeditor/ckeditor5-upload": "44.3.0",
        "@ckeditor/ckeditor5-utils": "44.3.0",
        "@ckeditor/ckeditor5-watchdog": "44.3.0",
        "@ckeditor/ckeditor5-widget": "44.3.0",
        "@ckeditor/ckeditor5-word-count": "44.3.0"
      }
    },
    "node_modules/color-convert": {
      "version": "2.0.1",
      "resolved": "https://registry.npmjs.org/color-convert/-/color-convert-2.0.1.tgz",
      "integrity": "sha512-RRECPsj7iu/xb5oKYcsFHSppFNnsj/52OVTRKb4zP5onXwVF3zVmmToNcOfGC+CRDpfK/U584fMg38ZHCaElKQ==",
      "license": "MIT",
      "dependencies": {
        "color-name": "~1.1.4"
      },
      "engines": {
        "node": ">=7.0.0"
      }
    },
    "node_modules/color-name": {
      "version": "1.1.4",
      "resolved": "https://registry.npmjs.org/color-name/-/color-name-1.1.4.tgz",
      "integrity": "sha512-dOy+3AuW3a2wNbZHIuMZpTcgjGuLU/uBL/ubcZF9OXbDo8ff4O8yVp5Bf0efS8uEoYo5q4Fx7dY9OgQGXgAsQA==",
      "license": "MIT"
    },
    "node_modules/color-parse": {
      "version": "1.4.2",
      "resolved": "https://registry.npmjs.org/color-parse/-/color-parse-1.4.2.tgz",
      "integrity": "sha512-RI7s49/8yqDj3fECFZjUI1Yi0z/Gq1py43oNJivAIIDSyJiOZLfYCRQEgn8HEVAj++PcRe8AnL2XF0fRJ3BTnA==",
      "license": "MIT",
      "dependencies": {
        "color-name": "^1.0.0"
      }
    },
    "node_modules/fuzzysort": {
      "version": "3.1.0",
      "resolved": "https://registry.npmjs.org/fuzzysort/-/fuzzysort-3.1.0.tgz",
      "integrity": "sha512-sR9BNCjBg6LNgwvxlBd0sBABvQitkLzoVY9MYYROQVX/FvfJ4Mai9LsGhDgd8qYdds0bY77VzYd5iuB+v5rwQQ==",
      "license": "MIT"
    },
    "node_modules/lodash-es": {
      "version": "4.17.21",
      "resolved": "https://registry.npmjs.org/lodash-es/-/lodash-es-4.17.21.tgz",
      "integrity": "sha512-mKnC+QJ9pWVzv+C4/U3rRsHapFfHvQFoFB92e52xeyGMcX6/OlIl78je1u8vePzYZSkkogMPJ2yjxxsb89cxyw==",
      "license": "MIT"
    },
    "node_modules/marked": {
      "version": "4.0.12",
      "resolved": "https://registry.npmjs.org/marked/-/marked-4.0.12.tgz",
      "integrity": "sha512-hgibXWrEDNBWgGiK18j/4lkS6ihTe9sxtV4Q1OQppb/0zzyPSzoFANBa5MfsG/zgsWklmNnhm0XACZOH/0HBiQ==",
      "license": "MIT",
      "bin": {
        "marked": "bin/marked.js"
      },
      "engines": {
        "node": ">= 12"
      }
    },
    "node_modules/turndown": {
      "version": "7.2.0",
      "resolved": "https://registry.npmjs.org/turndown/-/turndown-7.2.0.tgz",
      "integrity": "sha512-eCZGBN4nNNqM9Owkv9HAtWRYfLA4h909E/WGAWWBpmB275ehNhZyk87/Tpvjbp0jjNl9XwCsbe6bm6CqFsgD+A==",
      "license": "MIT",
      "dependencies": {
        "@mixmark-io/domino": "^2.2.0"
      }
    },
    "node_modules/turndown-plugin-gfm": {
      "version": "1.0.2",
      "resolved": "https://registry.npmjs.org/turndown-plugin-gfm/-/turndown-plugin-gfm-1.0.2.tgz",
      "integrity": "sha512-vwz9tfvF7XN/jE0dGoBei3FXWuvll78ohzCZQuOb+ZjWrs3a0XhQVomJEb2Qh4VHTPNRO4GPZh0V7VRbiWwkRg==",
      "license": "MIT"
    },
    "node_modules/vanilla-colorful": {
      "version": "0.7.2",
      "resolved": "https://registry.npmjs.org/vanilla-colorful/-/vanilla-colorful-0.7.2.tgz",
      "integrity": "sha512-z2YZusTFC6KnLERx1cgoIRX2CjPRP0W75N+3CC6gbvdX5Ch47rZkEMGO2Xnf+IEmi3RiFLxS18gayMA27iU7Kg==",
      "license": "MIT"
    }
  }
}
